
Microsoft Visual Studio Solution File, Format Version 12.00
# Visual Studio Version 17
VisualStudioVersion = 17.7.34009.444
MinimumVisualStudioVersion = 10.0.40219.1
Project("{FAE04EC0-301F-11D3-BF4B-00C04F79EFBC}") = "DebilITELEC1C", "DebilITELEC1C\DebilITELEC1C.csproj", "{E99FFEF8-165B-4886-AA28-CA13E3095CB2}"
EndProject
Global
	GlobalSection(SolutionConfigurationPlatforms) = preSolution
		Debug|Any CPU = Debug|Any CPU
		Release|Any CPU = Release|Any CPU
	EndGlobalSection
	GlobalSection(ProjectConfigurationPlatforms) = postSolution
		{E99FFEF8-165B-4886-AA28-CA13E3095CB2}.Debug|Any CPU.ActiveCfg = Debug|Any CPU
		{E99FFEF8-165B-4886-AA28-CA13E3095CB2}.Debug|Any CPU.Build.0 = Debug|Any CPU
		{E99FFEF8-165B-4886-AA28-CA13E3095CB2}.Release|Any CPU.ActiveCfg = Release|Any CPU
		{E99FFEF8-165B-4886-AA28-CA13E3095CB2}.Release|Any CPU.Build.0 = Release|Any CPU
	EndGlobalSection
	GlobalSection(SolutionProperties) = preSolution
		HideSolutionNode = FALSE
	EndGlobalSection
	GlobalSection(ExtensibilityGlobals) = postSolution
		SolutionGuid = {7646B3AD-5D07-4864-ABEB-CB48A1E223AF}
	EndGlobalSection
EndGlobal
